// !$*UTF8*$!
{
	archiveVersion = 1;
	classes = {
	};
	objectVersion = 50;
	objects = {

/* Begin PBXBuildFile section */
		FE15F87123557A0700C9BB7E /* PracticeMVVMViewController.swift in Sources */ = {isa = PBXBuildFile; fileRef = FE15F87023557A0700C9BB7E /* PracticeMVVMViewController.swift */; };
		FE15F8792355B43000C9BB7E /* DynamicViewModel.swift in Sources */ = {isa = PBXBuildFile; fileRef = FE15F8782355B43000C9BB7E /* DynamicViewModel.swift */; };
		FE15F87B2355B47000C9BB7E /* DetailCellViewModel.swift in Sources */ = {isa = PBXBuildFile; fileRef = FE15F87A2355B47000C9BB7E /* DetailCellViewModel.swift */; };
		FE15F8802356AF7300C9BB7E /* AlbumListCell.swift in Sources */ = {isa = PBXBuildFile; fileRef = FE15F87F2356AF7300C9BB7E /* AlbumListCell.swift */; };
		FE6C4E0522D3272300C8F2B1 /* AppDelegate.swift in Sources */ = {isa = PBXBuildFile; fileRef = FE6C4E0422D3272300C8F2B1 /* AppDelegate.swift */; };
		FE6C4E0722D3272300C8F2B1 /* ViewController.swift in Sources */ = {isa = PBXBuildFile; fileRef = FE6C4E0622D3272300C8F2B1 /* ViewController.swift */; };
		FE6C4E0A22D3272300C8F2B1 /* Main.storyboard in Resources */ = {isa = PBXBuildFile; fileRef = FE6C4E0822D3272300C8F2B1 /* Main.storyboard */; };
		FE6C4E0C22D3272500C8F2B1 /* Assets.xcassets in Resources */ = {isa = PBXBuildFile; fileRef = FE6C4E0B22D3272500C8F2B1 /* Assets.xcassets */; };
		FE6C4E0F22D3272500C8F2B1 /* LaunchScreen.storyboard in Resources */ = {isa = PBXBuildFile; fileRef = FE6C4E0D22D3272500C8F2B1 /* LaunchScreen.storyboard */; };
		FE6C4E1A22D3272600C8F2B1 /* DemoSignatureTests.swift in Sources */ = {isa = PBXBuildFile; fileRef = FE6C4E1922D3272600C8F2B1 /* DemoSignatureTests.swift */; };
		FE6C4E2522D3272600C8F2B1 /* DemoSignatureUITests.swift in Sources */ = {isa = PBXBuildFile; fileRef = FE6C4E2422D3272600C8F2B1 /* DemoSignatureUITests.swift */; };
		FE6C4E3322D327ED00C8F2B1 /* SignatureView.swift in Sources */ = {isa = PBXBuildFile; fileRef = FE6C4E3222D327ED00C8F2B1 /* SignatureView.swift */; };
		FE6C4E3522D432BC00C8F2B1 /* Extension+UIImage.swift in Sources */ = {isa = PBXBuildFile; fileRef = FE6C4E3422D432BC00C8F2B1 /* Extension+UIImage.swift */; };
		FE6C4E3722D43F3300C8F2B1 /* SnapshotViewController.swift in Sources */ = {isa = PBXBuildFile; fileRef = FE6C4E3622D43F3300C8F2B1 /* SnapshotViewController.swift */; };
		FE6C4E3922D444D600C8F2B1 /* Extension+UIViewController.swift in Sources */ = {isa = PBXBuildFile; fileRef = FE6C4E3822D444D600C8F2B1 /* Extension+UIViewController.swift */; };
		FE6C4E3B22D48C2500C8F2B1 /* CameraController.swift in Sources */ = {isa = PBXBuildFile; fileRef = FE6C4E3A22D48C2500C8F2B1 /* CameraController.swift */; };
		FE6C4E3D22D4909100C8F2B1 /* SignatureViewController.swift in Sources */ = {isa = PBXBuildFile; fileRef = FE6C4E3C22D4909100C8F2B1 /* SignatureViewController.swift */; };
		FE6C4E3F22D5C62F00C8F2B1 /* DynamicViewController.swift in Sources */ = {isa = PBXBuildFile; fileRef = FE6C4E3E22D5C62F00C8F2B1 /* DynamicViewController.swift */; };
		FE6C4E4122D5DA0900C8F2B1 /* PageViewController.swift in Sources */ = {isa = PBXBuildFile; fileRef = FE6C4E4022D5DA0900C8F2B1 /* PageViewController.swift */; };
		FE6C4E4322D6E23B00C8F2B1 /* CustomSwitchCell.swift in Sources */ = {isa = PBXBuildFile; fileRef = FE6C4E4222D6E23B00C8F2B1 /* CustomSwitchCell.swift */; };
		FE6C4E4522D8804D00C8F2B1 /* MoveTogether.swift in Sources */ = {isa = PBXBuildFile; fileRef = FE6C4E4422D8804D00C8F2B1 /* MoveTogether.swift */; };
		FE6C4E4822DC2B4900C8F2B1 /* TestCallApiViewController.swift in Sources */ = {isa = PBXBuildFile; fileRef = FE6C4E4722DC2B4900C8F2B1 /* TestCallApiViewController.swift */; };
		FE6C4E4B22DC2D3E00C8F2B1 /* ListTableViewCell.swift in Sources */ = {isa = PBXBuildFile; fileRef = FE6C4E4A22DC2D3E00C8F2B1 /* ListTableViewCell.swift */; };
		FE6C4E4D22DC570A00C8F2B1 /* RequestCommunicator.swift in Sources */ = {isa = PBXBuildFile; fileRef = FE6C4E4C22DC570A00C8F2B1 /* RequestCommunicator.swift */; };
		FE6C4E4F22DC7B2E00C8F2B1 /* RequestBaseType.swift in Sources */ = {isa = PBXBuildFile; fileRef = FE6C4E4E22DC7B2E00C8F2B1 /* RequestBaseType.swift */; };
		FE6C4E5122DC7C3700C8F2B1 /* RequestTasks.swift in Sources */ = {isa = PBXBuildFile; fileRef = FE6C4E5022DC7C3700C8F2B1 /* RequestTasks.swift */; };
		FE6C4E5322DDA46D00C8F2B1 /* HTTPStatusCodes.swift in Sources */ = {isa = PBXBuildFile; fileRef = FE6C4E5222DDA46D00C8F2B1 /* HTTPStatusCodes.swift */; };
		FE6C4E5622DDBCEA00C8F2B1 /* DemoRequestType.swift in Sources */ = {isa = PBXBuildFile; fileRef = FE6C4E5522DDBCEA00C8F2B1 /* DemoRequestType.swift */; };
		FE6C4E5822DECC5100C8F2B1 /* CommunicatorResponse.swift in Sources */ = {isa = PBXBuildFile; fileRef = FE6C4E5722DECC5100C8F2B1 /* CommunicatorResponse.swift */; };
		FE6C4E5A22DECCA100C8F2B1 /* CommunicatorEnums.swift in Sources */ = {isa = PBXBuildFile; fileRef = FE6C4E5922DECCA100C8F2B1 /* CommunicatorEnums.swift */; };
		FE6C4E8122DF218E00C8F2B1 /* DownloadProtocol.swift in Sources */ = {isa = PBXBuildFile; fileRef = FE6C4E8022DF218E00C8F2B1 /* DownloadProtocol.swift */; };
		FE6C4E8322DF227000C8F2B1 /* Download.swift in Sources */ = {isa = PBXBuildFile; fileRef = FE6C4E8222DF227000C8F2B1 /* Download.swift */; };
		FE6C4E8522DFFE1800C8F2B1 /* MusicHandler.swift in Sources */ = {isa = PBXBuildFile; fileRef = FE6C4E8422DFFE1800C8F2B1 /* MusicHandler.swift */; };
		FE6C4E8822E001FA00C8F2B1 /* DownloadMusic.swift in Sources */ = {isa = PBXBuildFile; fileRef = FE6C4E8722E001FA00C8F2B1 /* DownloadMusic.swift */; };
		FE6C4E8B22E01B5D00C8F2B1 /* StoryboardSupports.swift in Sources */ = {isa = PBXBuildFile; fileRef = FE6C4E8A22E01B5D00C8F2B1 /* StoryboardSupports.swift */; };
		FE6C4E8E22E075C000C8F2B1 /* DetailCell.swift in Sources */ = {isa = PBXBuildFile; fileRef = FE6C4E8D22E075C000C8F2B1 /* DetailCell.swift */; };
		FE6C4E9122E162E400C8F2B1 /* Streams.swift in Sources */ = {isa = PBXBuildFile; fileRef = FE6C4E9022E162E400C8F2B1 /* Streams.swift */; };
		FE7082F022E7EF0D0018190B /* ResponseViewController.swift in Sources */ = {isa = PBXBuildFile; fileRef = FE7082EF22E7EF0D0018190B /* ResponseViewController.swift */; };
		FE7082F222E82E510018190B /* CustomFileManager.swift in Sources */ = {isa = PBXBuildFile; fileRef = FE7082F122E82E510018190B /* CustomFileManager.swift */; };
		FE7082F422E853F70018190B /* ConvertableProtocol.swift in Sources */ = {isa = PBXBuildFile; fileRef = FE7082F322E853F70018190B /* ConvertableProtocol.swift */; };
		FE7082F722E9A8090018190B /* SQLiteHelper.swift in Sources */ = {isa = PBXBuildFile; fileRef = FE7082F622E9A8090018190B /* SQLiteHelper.swift */; };
		FE7082F922EAE6190018190B /* SQLiteColumnCreater.swift in Sources */ = {isa = PBXBuildFile; fileRef = FE7082F822EAE6190018190B /* SQLiteColumnCreater.swift */; };
		FE7082FB22EE87670018190B /* SQLiteColumnInserter.swift in Sources */ = {isa = PBXBuildFile; fileRef = FE7082FA22EE87670018190B /* SQLiteColumnInserter.swift */; };
		FEA66DAE2356B1A900C83619 /* AlbumListViewModel.swift in Sources */ = {isa = PBXBuildFile; fileRef = FEA66DAD2356B1A900C83619 /* AlbumListViewModel.swift */; };
		FEA66DB02356B1BE00C83619 /* AlbumListCellViewModel.swift in Sources */ = {isa = PBXBuildFile; fileRef = FEA66DAF2356B1BE00C83619 /* AlbumListCellViewModel.swift */; };
		FEA66DB22356EFA300C83619 /* BindableCore.swift in Sources */ = {isa = PBXBuildFile; fileRef = FEA66DB12356EFA300C83619 /* BindableCore.swift */; };
		FEF6346D23604EE7005734E2 /* BaseCollectionViewFlowLayout.swift in Sources */ = {isa = PBXBuildFile; fileRef = FEF6346C23604EE7005734E2 /* BaseCollectionViewFlowLayout.swift */; };
		FEF6346F236140CF005734E2 /* CustomLayout_v1.swift in Sources */ = {isa = PBXBuildFile; fileRef = FEF6346E236140CF005734E2 /* CustomLayout_v1.swift */; };
		FEF63471236152AE005734E2 /* CustomLayout_v2.swift in Sources */ = {isa = PBXBuildFile; fileRef = FEF63470236152AE005734E2 /* CustomLayout_v2.swift */; };
		FEF634742362CC0F005734E2 /* HomeworkViewController.swift in Sources */ = {isa = PBXBuildFile; fileRef = FEF634732362CC0F005734E2 /* HomeworkViewController.swift */; };
		FEF634782362EC35005734E2 /* InviteCell.swift in Sources */ = {isa = PBXBuildFile; fileRef = FEF634762362EC35005734E2 /* InviteCell.swift */; };
		FEF634792362EC35005734E2 /* InviteCell.xib in Resources */ = {isa = PBXBuildFile; fileRef = FEF634772362EC35005734E2 /* InviteCell.xib */; };
		FEF6347C2362EC46005734E2 /* TransferCell.swift in Sources */ = {isa = PBXBuildFile; fileRef = FEF6347A2362EC46005734E2 /* TransferCell.swift */; };
		FEF6347D2362EC46005734E2 /* TransferCell.xib in Resources */ = {isa = PBXBuildFile; fileRef = FEF6347B2362EC46005734E2 /* TransferCell.xib */; };
/* End PBXBuildFile section */

/* Begin PBXContainerItemProxy section */
		FE6C4E1622D3272600C8F2B1 /* PBXContainerItemProxy */ = {
			isa = PBXContainerItemProxy;
			containerPortal = FE6C4DF922D3272300C8F2B1 /* Project object */;
			proxyType = 1;
			remoteGlobalIDString = FE6C4E0022D3272300C8F2B1;
			remoteInfo = DemoSignature;
		};
		FE6C4E2122D3272600C8F2B1 /* PBXContainerItemProxy */ = {
			isa = PBXContainerItemProxy;
			containerPortal = FE6C4DF922D3272300C8F2B1 /* Project object */;
			proxyType = 1;
			remoteGlobalIDString = FE6C4E0022D3272300C8F2B1;
			remoteInfo = DemoSignature;
		};
/* End PBXContainerItemProxy section */

/* Begin PBXFileReference section */
		FE15F87023557A0700C9BB7E /* PracticeMVVMViewController.swift */ = {isa = PBXFileReference; lastKnownFileType = sourcecode.swift; path = PracticeMVVMViewController.swift; sourceTree = "<group>"; };
		FE15F8782355B43000C9BB7E /* DynamicViewModel.swift */ = {isa = PBXFileReference; lastKnownFileType = sourcecode.swift; path = DynamicViewModel.swift; sourceTree = "<group>"; };
		FE15F87A2355B47000C9BB7E /* DetailCellViewModel.swift */ = {isa = PBXFileReference; lastKnownFileType = sourcecode.swift; path = DetailCellViewModel.swift; sourceTree = "<group>"; };
		FE15F87F2356AF7300C9BB7E /* AlbumListCell.swift */ = {isa = PBXFileReference; lastKnownFileType = sourcecode.swift; path = AlbumListCell.swift; sourceTree = "<group>"; };
		FE6C4E0122D3272300C8F2B1 /* DemoSignature.app */ = {isa = PBXFileReference; explicitFileType = wrapper.application; includeInIndex = 0; path = DemoSignature.app; sourceTree = BUILT_PRODUCTS_DIR; };
		FE6C4E0422D3272300C8F2B1 /* AppDelegate.swift */ = {isa = PBXFileReference; lastKnownFileType = sourcecode.swift; path = AppDelegate.swift; sourceTree = "<group>"; };
		FE6C4E0622D3272300C8F2B1 /* ViewController.swift */ = {isa = PBXFileReference; lastKnownFileType = sourcecode.swift; path = ViewController.swift; sourceTree = "<group>"; };
		FE6C4E0922D3272300C8F2B1 /* Base */ = {isa = PBXFileReference; lastKnownFileType = file.storyboard; name = Base; path = Base.lproj/Main.storyboard; sourceTree = "<group>"; };
		FE6C4E0B22D3272500C8F2B1 /* Assets.xcassets */ = {isa = PBXFileReference; lastKnownFileType = folder.assetcatalog; path = Assets.xcassets; sourceTree = "<group>"; };
		FE6C4E0E22D3272500C8F2B1 /* Base */ = {isa = PBXFileReference; lastKnownFileType = file.storyboard; name = Base; path = Base.lproj/LaunchScreen.storyboard; sourceTree = "<group>"; };
		FE6C4E1022D3272500C8F2B1 /* Info.plist */ = {isa = PBXFileReference; lastKnownFileType = text.plist.xml; path = Info.plist; sourceTree = "<group>"; };
		FE6C4E1522D3272600C8F2B1 /* DemoSignatureTests.xctest */ = {isa = PBXFileReference; explicitFileType = wrapper.cfbundle; includeInIndex = 0; path = DemoSignatureTests.xctest; sourceTree = BUILT_PRODUCTS_DIR; };
		FE6C4E1922D3272600C8F2B1 /* DemoSignatureTests.swift */ = {isa = PBXFileReference; lastKnownFileType = sourcecode.swift; path = DemoSignatureTests.swift; sourceTree = "<group>"; };
		FE6C4E1B22D3272600C8F2B1 /* Info.plist */ = {isa = PBXFileReference; lastKnownFileType = text.plist.xml; path = Info.plist; sourceTree = "<group>"; };
		FE6C4E2022D3272600C8F2B1 /* DemoSignatureUITests.xctest */ = {isa = PBXFileReference; explicitFileType = wrapper.cfbundle; includeInIndex = 0; path = DemoSignatureUITests.xctest; sourceTree = BUILT_PRODUCTS_DIR; };
		FE6C4E2422D3272600C8F2B1 /* DemoSignatureUITests.swift */ = {isa = PBXFileReference; lastKnownFileType = sourcecode.swift; path = DemoSignatureUITests.swift; sourceTree = "<group>"; };
		FE6C4E2622D3272600C8F2B1 /* Info.plist */ = {isa = PBXFileReference; lastKnownFileType = text.plist.xml; path = Info.plist; sourceTree = "<group>"; };
		FE6C4E3222D327ED00C8F2B1 /* SignatureView.swift */ = {isa = PBXFileReference; lastKnownFileType = sourcecode.swift; path = SignatureView.swift; sourceTree = "<group>"; };
		FE6C4E3422D432BC00C8F2B1 /* Extension+UIImage.swift */ = {isa = PBXFileReference; lastKnownFileType = sourcecode.swift; path = "Extension+UIImage.swift"; sourceTree = "<group>"; };
		FE6C4E3622D43F3300C8F2B1 /* SnapshotViewController.swift */ = {isa = PBXFileReference; lastKnownFileType = sourcecode.swift; path = SnapshotViewController.swift; sourceTree = "<group>"; };
		FE6C4E3822D444D600C8F2B1 /* Extension+UIViewController.swift */ = {isa = PBXFileReference; lastKnownFileType = sourcecode.swift; path = "Extension+UIViewController.swift"; sourceTree = "<group>"; };
		FE6C4E3A22D48C2500C8F2B1 /* CameraController.swift */ = {isa = PBXFileReference; lastKnownFileType = sourcecode.swift; path = CameraController.swift; sourceTree = "<group>"; };
		FE6C4E3C22D4909100C8F2B1 /* SignatureViewController.swift */ = {isa = PBXFileReference; lastKnownFileType = sourcecode.swift; path = SignatureViewController.swift; sourceTree = "<group>"; };
		FE6C4E3E22D5C62F00C8F2B1 /* DynamicViewController.swift */ = {isa = PBXFileReference; lastKnownFileType = sourcecode.swift; path = DynamicViewController.swift; sourceTree = "<group>"; };
		FE6C4E4022D5DA0900C8F2B1 /* PageViewController.swift */ = {isa = PBXFileReference; lastKnownFileType = sourcecode.swift; path = PageViewController.swift; sourceTree = "<group>"; };
		FE6C4E4222D6E23B00C8F2B1 /* CustomSwitchCell.swift */ = {isa = PBXFileReference; lastKnownFileType = sourcecode.swift; path = CustomSwitchCell.swift; sourceTree = "<group>"; };
		FE6C4E4422D8804D00C8F2B1 /* MoveTogether.swift */ = {isa = PBXFileReference; lastKnownFileType = sourcecode.swift; path = MoveTogether.swift; sourceTree = "<group>"; };
		FE6C4E4722DC2B4900C8F2B1 /* TestCallApiViewController.swift */ = {isa = PBXFileReference; lastKnownFileType = sourcecode.swift; path = TestCallApiViewController.swift; sourceTree = "<group>"; };
		FE6C4E4A22DC2D3E00C8F2B1 /* ListTableViewCell.swift */ = {isa = PBXFileReference; lastKnownFileType = sourcecode.swift; path = ListTableViewCell.swift; sourceTree = "<group>"; };
		FE6C4E4C22DC570A00C8F2B1 /* RequestCommunicator.swift */ = {isa = PBXFileReference; lastKnownFileType = sourcecode.swift; path = RequestCommunicator.swift; sourceTree = "<group>"; };
		FE6C4E4E22DC7B2E00C8F2B1 /* RequestBaseType.swift */ = {isa = PBXFileReference; lastKnownFileType = sourcecode.swift; path = RequestBaseType.swift; sourceTree = "<group>"; };
		FE6C4E5022DC7C3700C8F2B1 /* RequestTasks.swift */ = {isa = PBXFileReference; lastKnownFileType = sourcecode.swift; path = RequestTasks.swift; sourceTree = "<group>"; };
		FE6C4E5222DDA46D00C8F2B1 /* HTTPStatusCodes.swift */ = {isa = PBXFileReference; lastKnownFileType = sourcecode.swift; path = HTTPStatusCodes.swift; sourceTree = "<group>"; };
		FE6C4E5522DDBCEA00C8F2B1 /* DemoRequestType.swift */ = {isa = PBXFileReference; lastKnownFileType = sourcecode.swift; path = DemoRequestType.swift; sourceTree = "<group>"; };
		FE6C4E5722DECC5100C8F2B1 /* CommunicatorResponse.swift */ = {isa = PBXFileReference; lastKnownFileType = sourcecode.swift; path = CommunicatorResponse.swift; sourceTree = "<group>"; };
		FE6C4E5922DECCA100C8F2B1 /* CommunicatorEnums.swift */ = {isa = PBXFileReference; lastKnownFileType = sourcecode.swift; path = CommunicatorEnums.swift; sourceTree = "<group>"; };
		FE6C4E8022DF218E00C8F2B1 /* DownloadProtocol.swift */ = {isa = PBXFileReference; lastKnownFileType = sourcecode.swift; path = DownloadProtocol.swift; sourceTree = "<group>"; };
		FE6C4E8222DF227000C8F2B1 /* Download.swift */ = {isa = PBXFileReference; lastKnownFileType = sourcecode.swift; path = Download.swift; sourceTree = "<group>"; };
		FE6C4E8422DFFE1800C8F2B1 /* MusicHandler.swift */ = {isa = PBXFileReference; lastKnownFileType = sourcecode.swift; path = MusicHandler.swift; sourceTree = "<group>"; };
		FE6C4E8722E001FA00C8F2B1 /* DownloadMusic.swift */ = {isa = PBXFileReference; lastKnownFileType = sourcecode.swift; path = DownloadMusic.swift; sourceTree = "<group>"; };
		FE6C4E8A22E01B5D00C8F2B1 /* StoryboardSupports.swift */ = {isa = PBXFileReference; lastKnownFileType = sourcecode.swift; path = StoryboardSupports.swift; sourceTree = "<group>"; };
		FE6C4E8D22E075C000C8F2B1 /* DetailCell.swift */ = {isa = PBXFileReference; lastKnownFileType = sourcecode.swift; path = DetailCell.swift; sourceTree = "<group>"; };
		FE6C4E9022E162E400C8F2B1 /* Streams.swift */ = {isa = PBXFileReference; lastKnownFileType = sourcecode.swift; path = Streams.swift; sourceTree = "<group>"; };
		FE7082EF22E7EF0D0018190B /* ResponseViewController.swift */ = {isa = PBXFileReference; lastKnownFileType = sourcecode.swift; path = ResponseViewController.swift; sourceTree = "<group>"; };
		FE7082F122E82E510018190B /* CustomFileManager.swift */ = {isa = PBXFileReference; lastKnownFileType = sourcecode.swift; path = CustomFileManager.swift; sourceTree = "<group>"; };
		FE7082F322E853F70018190B /* ConvertableProtocol.swift */ = {isa = PBXFileReference; lastKnownFileType = sourcecode.swift; path = ConvertableProtocol.swift; sourceTree = "<group>"; };
		FE7082F622E9A8090018190B /* SQLiteHelper.swift */ = {isa = PBXFileReference; lastKnownFileType = sourcecode.swift; path = SQLiteHelper.swift; sourceTree = "<group>"; };
		FE7082F822EAE6190018190B /* SQLiteColumnCreater.swift */ = {isa = PBXFileReference; lastKnownFileType = sourcecode.swift; path = SQLiteColumnCreater.swift; sourceTree = "<group>"; };
		FE7082FA22EE87670018190B /* SQLiteColumnInserter.swift */ = {isa = PBXFileReference; lastKnownFileType = sourcecode.swift; path = SQLiteColumnInserter.swift; sourceTree = "<group>"; };
		FEA66DAD2356B1A900C83619 /* AlbumListViewModel.swift */ = {isa = PBXFileReference; lastKnownFileType = sourcecode.swift; path = AlbumListViewModel.swift; sourceTree = "<group>"; };
		FEA66DAF2356B1BE00C83619 /* AlbumListCellViewModel.swift */ = {isa = PBXFileReference; lastKnownFileType = sourcecode.swift; path = AlbumListCellViewModel.swift; sourceTree = "<group>"; };
		FEA66DB12356EFA300C83619 /* BindableCore.swift */ = {isa = PBXFileReference; lastKnownFileType = sourcecode.swift; path = BindableCore.swift; sourceTree = "<group>"; };
		FEF6346C23604EE7005734E2 /* BaseCollectionViewFlowLayout.swift */ = {isa = PBXFileReference; lastKnownFileType = sourcecode.swift; path = BaseCollectionViewFlowLayout.swift; sourceTree = "<group>"; };
		FEF6346E236140CF005734E2 /* CustomLayout_v1.swift */ = {isa = PBXFileReference; lastKnownFileType = sourcecode.swift; path = CustomLayout_v1.swift; sourceTree = "<group>"; };
		FEF63470236152AE005734E2 /* CustomLayout_v2.swift */ = {isa = PBXFileReference; lastKnownFileType = sourcecode.swift; path = CustomLayout_v2.swift; sourceTree = "<group>"; };
		FEF634732362CC0F005734E2 /* HomeworkViewController.swift */ = {isa = PBXFileReference; lastKnownFileType = sourcecode.swift; path = HomeworkViewController.swift; sourceTree = "<group>"; };
		FEF634762362EC35005734E2 /* InviteCell.swift */ = {isa = PBXFileReference; lastKnownFileType = sourcecode.swift; path = InviteCell.swift; sourceTree = "<group>"; };
		FEF634772362EC35005734E2 /* InviteCell.xib */ = {isa = PBXFileReference; lastKnownFileType = file.xib; path = InviteCell.xib; sourceTree = "<group>"; };
		FEF6347A2362EC46005734E2 /* TransferCell.swift */ = {isa = PBXFileReference; lastKnownFileType = sourcecode.swift; path = TransferCell.swift; sourceTree = "<group>"; };
		FEF6347B2362EC46005734E2 /* TransferCell.xib */ = {isa = PBXFileReference; lastKnownFileType = file.xib; path = TransferCell.xib; sourceTree = "<group>"; };
/* End PBXFileReference section */

/* Begin PBXFrameworksBuildPhase section */
		FE6C4DFE22D3272300C8F2B1 /* Frameworks */ = {
			isa = PBXFrameworksBuildPhase;
			buildActionMask = 2147483647;
			files = (
			);
			runOnlyForDeploymentPostprocessing = 0;
		};
		FE6C4E1222D3272600C8F2B1 /* Frameworks */ = {
			isa = PBXFrameworksBuildPhase;
			buildActionMask = 2147483647;
			files = (
			);
			runOnlyForDeploymentPostprocessing = 0;
		};
		FE6C4E1D22D3272600C8F2B1 /* Frameworks */ = {
			isa = PBXFrameworksBuildPhase;
			buildActionMask = 2147483647;
			files = (
			);
			runOnlyForDeploymentPostprocessing = 0;
		};
/* End PBXFrameworksBuildPhase section */

/* Begin PBXGroup section */
		79A8C26583D0503205352263 /* Frameworks */ = {
			isa = PBXGroup;
			children = (
			);
			name = Frameworks;
			sourceTree = "<group>";
		};
		FE15F86F235579E500C9BB7E /* DemoMVVM */ = {
			isa = PBXGroup;
			children = (
				FE15F87E2356AEC600C9BB7E /* Model */,
				FE15F87D2356AEC000C9BB7E /* ViewModel */,
				FE15F87C2356AEBA00C9BB7E /* Views */,
				FEA66DB12356EFA300C83619 /* BindableCore.swift */,
			);
			path = DemoMVVM;
			sourceTree = "<group>";
		};
		FE15F8772355B3BD00C9BB7E /* ViewModel */ = {
			isa = PBXGroup;
			children = (
				FE15F8782355B43000C9BB7E /* DynamicViewModel.swift */,
				FE15F87A2355B47000C9BB7E /* DetailCellViewModel.swift */,
			);
			path = ViewModel;
			sourceTree = "<group>";
		};
		FE15F87C2356AEBA00C9BB7E /* Views */ = {
			isa = PBXGroup;
			children = (
				FE15F87023557A0700C9BB7E /* PracticeMVVMViewController.swift */,
				FE15F87F2356AF7300C9BB7E /* AlbumListCell.swift */,
				FEF6346C23604EE7005734E2 /* BaseCollectionViewFlowLayout.swift */,
				FEF6346E236140CF005734E2 /* CustomLayout_v1.swift */,
				FEF63470236152AE005734E2 /* CustomLayout_v2.swift */,
			);
			path = Views;
			sourceTree = "<group>";
		};
		FE15F87D2356AEC000C9BB7E /* ViewModel */ = {
			isa = PBXGroup;
			children = (
				FEA66DAD2356B1A900C83619 /* AlbumListViewModel.swift */,
				FEA66DAF2356B1BE00C83619 /* AlbumListCellViewModel.swift */,
			);
			path = ViewModel;
			sourceTree = "<group>";
		};
		FE15F87E2356AEC600C9BB7E /* Model */ = {
			isa = PBXGroup;
			children = (
			);
			path = Model;
			sourceTree = "<group>";
		};
		FE6C4DF822D3272300C8F2B1 = {
			isa = PBXGroup;
			children = (
				FE6C4E0322D3272300C8F2B1 /* DemoSignature */,
				FE6C4E1822D3272600C8F2B1 /* DemoSignatureTests */,
				FE6C4E2322D3272600C8F2B1 /* DemoSignatureUITests */,
				FE6C4E0222D3272300C8F2B1 /* Products */,
				79A8C26583D0503205352263 /* Frameworks */,
			);
			sourceTree = "<group>";
		};
		FE6C4E0222D3272300C8F2B1 /* Products */ = {
			isa = PBXGroup;
			children = (
				FE6C4E0122D3272300C8F2B1 /* DemoSignature.app */,
				FE6C4E1522D3272600C8F2B1 /* DemoSignatureTests.xctest */,
				FE6C4E2022D3272600C8F2B1 /* DemoSignatureUITests.xctest */,
			);
			name = Products;
			sourceTree = "<group>";
		};
		FE6C4E0322D3272300C8F2B1 /* DemoSignature */ = {
			isa = PBXGroup;
			children = (
				FEF634722362CBE7005734E2 /* DemoHomework */,
				FE15F86F235579E500C9BB7E /* DemoMVVM */,
				FE7082F522E9A7DB0018190B /* DataBase */,
				FE7082ED22E7ED970018190B /* DemoRequestApi */,
				FE7082EC22E7ED780018190B /* DemoPageScroll */,
				FE7082EB22E7ED5F0018190B /* DemoCamera */,
				FE7082EA22E7ECED0018190B /* Signature */,
				FE6C4E8C22E0758800C8F2B1 /* MusicDownloadTable */,
				FE6C4E5422DDBCDA00C8F2B1 /* DemoService */,
				FE6C4E4922DC2D2400C8F2B1 /* Views */,
				FE6C4E4622DC2B2200C8F2B1 /* Request */,
				FE6C4E8922E01B3F00C8F2B1 /* Support files */,
			);
			path = DemoSignature;
			sourceTree = "<group>";
		};
		FE6C4E1822D3272600C8F2B1 /* DemoSignatureTests */ = {
			isa = PBXGroup;
			children = (
				FE6C4E1922D3272600C8F2B1 /* DemoSignatureTests.swift */,
				FE6C4E1B22D3272600C8F2B1 /* Info.plist */,
			);
			path = DemoSignatureTests;
			sourceTree = "<group>";
		};
		FE6C4E2322D3272600C8F2B1 /* DemoSignatureUITests */ = {
			isa = PBXGroup;
			children = (
				FE6C4E2422D3272600C8F2B1 /* DemoSignatureUITests.swift */,
				FE6C4E2622D3272600C8F2B1 /* Info.plist */,
			);
			path = DemoSignatureUITests;
			sourceTree = "<group>";
		};
		FE6C4E4622DC2B2200C8F2B1 /* Request */ = {
			isa = PBXGroup;
			children = (
				FE6C4E8F22E162D300C8F2B1 /* Upload */,
				FE6C4E8622E0010300C8F2B1 /* Download */,
				FE6C4E4C22DC570A00C8F2B1 /* RequestCommunicator.swift */,
				FE6C4E4E22DC7B2E00C8F2B1 /* RequestBaseType.swift */,
				FE6C4E5022DC7C3700C8F2B1 /* RequestTasks.swift */,
				FE6C4E5222DDA46D00C8F2B1 /* HTTPStatusCodes.swift */,
				FE6C4E5722DECC5100C8F2B1 /* CommunicatorResponse.swift */,
				FE6C4E5922DECCA100C8F2B1 /* CommunicatorEnums.swift */,
			);
			path = Request;
			sourceTree = "<group>";
		};
		FE6C4E4922DC2D2400C8F2B1 /* Views */ = {
			isa = PBXGroup;
			children = (
				FE6C4E4A22DC2D3E00C8F2B1 /* ListTableViewCell.swift */,
			);
			path = Views;
			sourceTree = "<group>";
		};
		FE6C4E5422DDBCDA00C8F2B1 /* DemoService */ = {
			isa = PBXGroup;
			children = (
				FE6C4E5522DDBCEA00C8F2B1 /* DemoRequestType.swift */,
				FE6C4E8722E001FA00C8F2B1 /* DownloadMusic.swift */,
			);
			path = DemoService;
			sourceTree = "<group>";
		};
		FE6C4E8622E0010300C8F2B1 /* Download */ = {
			isa = PBXGroup;
			children = (
				FE6C4E8022DF218E00C8F2B1 /* DownloadProtocol.swift */,
				FE6C4E8222DF227000C8F2B1 /* Download.swift */,
			);
			path = Download;
			sourceTree = "<group>";
		};
		FE6C4E8922E01B3F00C8F2B1 /* Support files */ = {
			isa = PBXGroup;
			children = (
				FE7082EE22E7EDBC0018190B /* Helpful */,
				FE6C4E1022D3272500C8F2B1 /* Info.plist */,
				FE6C4E0822D3272300C8F2B1 /* Main.storyboard */,
				FE6C4E0D22D3272500C8F2B1 /* LaunchScreen.storyboard */,
				FE6C4E0B22D3272500C8F2B1 /* Assets.xcassets */,
				FE6C4E0422D3272300C8F2B1 /* AppDelegate.swift */,
			);
			path = "Support files";
			sourceTree = "<group>";
		};
		FE6C4E8C22E0758800C8F2B1 /* MusicDownloadTable */ = {
			isa = PBXGroup;
			children = (
				FE15F8772355B3BD00C9BB7E /* ViewModel */,
				FE6C4E8422DFFE1800C8F2B1 /* MusicHandler.swift */,
				FE6C4E3E22D5C62F00C8F2B1 /* DynamicViewController.swift */,
				FE6C4E8D22E075C000C8F2B1 /* DetailCell.swift */,
			);
			path = MusicDownloadTable;
			sourceTree = "<group>";
		};
		FE6C4E8F22E162D300C8F2B1 /* Upload */ = {
			isa = PBXGroup;
			children = (
				FE6C4E9022E162E400C8F2B1 /* Streams.swift */,
			);
			path = Upload;
			sourceTree = "<group>";
		};
		FE7082EA22E7ECED0018190B /* Signature */ = {
			isa = PBXGroup;
			children = (
				FE6C4E0622D3272300C8F2B1 /* ViewController.swift */,
				FE6C4E3C22D4909100C8F2B1 /* SignatureViewController.swift */,
				FE6C4E3222D327ED00C8F2B1 /* SignatureView.swift */,
			);
			path = Signature;
			sourceTree = "<group>";
		};
		FE7082EB22E7ED5F0018190B /* DemoCamera */ = {
			isa = PBXGroup;
			children = (
				FE6C4E3622D43F3300C8F2B1 /* SnapshotViewController.swift */,
				FE6C4E3A22D48C2500C8F2B1 /* CameraController.swift */,
			);
			path = DemoCamera;
			sourceTree = "<group>";
		};
		FE7082EC22E7ED780018190B /* DemoPageScroll */ = {
			isa = PBXGroup;
			children = (
				FE6C4E4022D5DA0900C8F2B1 /* PageViewController.swift */,
			);
			path = DemoPageScroll;
			sourceTree = "<group>";
		};
		FE7082ED22E7ED970018190B /* DemoRequestApi */ = {
			isa = PBXGroup;
			children = (
				FE6C4E4722DC2B4900C8F2B1 /* TestCallApiViewController.swift */,
				FE7082EF22E7EF0D0018190B /* ResponseViewController.swift */,
			);
			path = DemoRequestApi;
			sourceTree = "<group>";
		};
		FE7082EE22E7EDBC0018190B /* Helpful */ = {
			isa = PBXGroup;
			children = (
				FE6C4E8A22E01B5D00C8F2B1 /* StoryboardSupports.swift */,
				FE6C4E3422D432BC00C8F2B1 /* Extension+UIImage.swift */,
				FE6C4E3822D444D600C8F2B1 /* Extension+UIViewController.swift */,
				FE6C4E4222D6E23B00C8F2B1 /* CustomSwitchCell.swift */,
				FE6C4E4422D8804D00C8F2B1 /* MoveTogether.swift */,
				FE7082F122E82E510018190B /* CustomFileManager.swift */,
				FE7082F322E853F70018190B /* ConvertableProtocol.swift */,
			);
			path = Helpful;
			sourceTree = "<group>";
		};
		FE7082F522E9A7DB0018190B /* DataBase */ = {
			isa = PBXGroup;
			children = (
				FE7082F622E9A8090018190B /* SQLiteHelper.swift */,
				FE7082F822EAE6190018190B /* SQLiteColumnCreater.swift */,
				FE7082FA22EE87670018190B /* SQLiteColumnInserter.swift */,
			);
			path = DataBase;
			sourceTree = "<group>";
		};
		FEF634722362CBE7005734E2 /* DemoHomework */ = {
			isa = PBXGroup;
			children = (
				FEF634752362EC0F005734E2 /* Views */,
				FEF634732362CC0F005734E2 /* HomeworkViewController.swift */,
			);
			path = DemoHomework;
			sourceTree = "<group>";
		};
		FEF634752362EC0F005734E2 /* Views */ = {
			isa = PBXGroup;
			children = (
				FEF634762362EC35005734E2 /* InviteCell.swift */,
				FEF634772362EC35005734E2 /* InviteCell.xib */,
				FEF6347A2362EC46005734E2 /* TransferCell.swift */,
				FEF6347B2362EC46005734E2 /* TransferCell.xib */,
			);
			path = Views;
			sourceTree = "<group>";
		};
/* End PBXGroup section */

/* Begin PBXNativeTarget section */
		FE6C4E0022D3272300C8F2B1 /* DemoSignature */ = {
			isa = PBXNativeTarget;
			buildConfigurationList = FE6C4E2922D3272600C8F2B1 /* Build configuration list for PBXNativeTarget "DemoSignature" */;
			buildPhases = (
				FE6C4DFD22D3272300C8F2B1 /* Sources */,
				FE6C4DFE22D3272300C8F2B1 /* Frameworks */,
				FE6C4DFF22D3272300C8F2B1 /* Resources */,
			);
			buildRules = (
			);
			dependencies = (
			);
			name = DemoSignature;
			productName = DemoSignature;
			productReference = FE6C4E0122D3272300C8F2B1 /* DemoSignature.app */;
			productType = "com.apple.product-type.application";
		};
		FE6C4E1422D3272600C8F2B1 /* DemoSignatureTests */ = {
			isa = PBXNativeTarget;
			buildConfigurationList = FE6C4E2C22D3272600C8F2B1 /* Build configuration list for PBXNativeTarget "DemoSignatureTests" */;
			buildPhases = (
				1A8EDFDB0894EFEC67D428D9 /* [CP] Check Pods Manifest.lock */,
				FE6C4E1122D3272600C8F2B1 /* Sources */,
				FE6C4E1222D3272600C8F2B1 /* Frameworks */,
				FE6C4E1322D3272600C8F2B1 /* Resources */,
			);
			buildRules = (
			);
			dependencies = (
				FE6C4E1722D3272600C8F2B1 /* PBXTargetDependency */,
			);
			name = DemoSignatureTests;
			productName = DemoSignatureTests;
			productReference = FE6C4E1522D3272600C8F2B1 /* DemoSignatureTests.xctest */;
			productType = "com.apple.product-type.bundle.unit-test";
		};
		FE6C4E1F22D3272600C8F2B1 /* DemoSignatureUITests */ = {
			isa = PBXNativeTarget;
			buildConfigurationList = FE6C4E2F22D3272600C8F2B1 /* Build configuration list for PBXNativeTarget "DemoSignatureUITests" */;
			buildPhases = (
				B0895C1ECF7F33B06A43A04B /* [CP] Check Pods Manifest.lock */,
				FE6C4E1C22D3272600C8F2B1 /* Sources */,
				FE6C4E1D22D3272600C8F2B1 /* Frameworks */,
				FE6C4E1E22D3272600C8F2B1 /* Resources */,
			);
			buildRules = (
			);
			dependencies = (
				FE6C4E2222D3272600C8F2B1 /* PBXTargetDependency */,
			);
			name = DemoSignatureUITests;
			productName = DemoSignatureUITests;
			productReference = FE6C4E2022D3272600C8F2B1 /* DemoSignatureUITests.xctest */;
			productType = "com.apple.product-type.bundle.ui-testing";
		};
/* End PBXNativeTarget section */

/* Begin PBXProject section */
		FE6C4DF922D3272300C8F2B1 /* Project object */ = {
			isa = PBXProject;
			attributes = {
				LastSwiftUpdateCheck = 1020;
				LastUpgradeCheck = 1020;
				ORGANIZATIONNAME = Thinkpower;
				TargetAttributes = {
					FE6C4E0022D3272300C8F2B1 = {
						CreatedOnToolsVersion = 10.2.1;
						SystemCapabilities = {
							com.apple.BackgroundModes = {
								enabled = 0;
							};
							com.apple.DataProtection = {
								enabled = 0;
							};
						};
					};
					FE6C4E1422D3272600C8F2B1 = {
						CreatedOnToolsVersion = 10.2.1;
						TestTargetID = FE6C4E0022D3272300C8F2B1;
					};
					FE6C4E1F22D3272600C8F2B1 = {
						CreatedOnToolsVersion = 10.2.1;
						TestTargetID = FE6C4E0022D3272300C8F2B1;
					};
				};
			};
			buildConfigurationList = FE6C4DFC22D3272300C8F2B1 /* Build configuration list for PBXProject "DemoSignature" */;
			compatibilityVersion = "Xcode 9.3";
			developmentRegion = en;
			hasScannedForEncodings = 0;
			knownRegions = (
				en,
				Base,
			);
			mainGroup = FE6C4DF822D3272300C8F2B1;
			productRefGroup = FE6C4E0222D3272300C8F2B1 /* Products */;
			projectDirPath = "";
			projectRoot = "";
			targets = (
				FE6C4E0022D3272300C8F2B1 /* DemoSignature */,
				FE6C4E1422D3272600C8F2B1 /* DemoSignatureTests */,
				FE6C4E1F22D3272600C8F2B1 /* DemoSignatureUITests */,
			);
		};
/* End PBXProject section */

/* Begin PBXResourcesBuildPhase section */
		FE6C4DFF22D3272300C8F2B1 /* Resources */ = {
			isa = PBXResourcesBuildPhase;
			buildActionMask = 2147483647;
			files = (
				FE6C4E0F22D3272500C8F2B1 /* LaunchScreen.storyboard in Resources */,
				FE6C4E0C22D3272500C8F2B1 /* Assets.xcassets in Resources */,
				FEF634792362EC35005734E2 /* InviteCell.xib in Resources */,
				FE6C4E0A22D3272300C8F2B1 /* Main.storyboard in Resources */,
				FEF6347D2362EC46005734E2 /* TransferCell.xib in Resources */,
			);
			runOnlyForDeploymentPostprocessing = 0;
		};
		FE6C4E1322D3272600C8F2B1 /* Resources */ = {
			isa = PBXResourcesBuildPhase;
			buildActionMask = 2147483647;
			files = (
			);
			runOnlyForDeploymentPostprocessing = 0;
		};
		FE6C4E1E22D3272600C8F2B1 /* Resources */ = {
			isa = PBXResourcesBuildPhase;
			buildActionMask = 2147483647;
			files = (
			);
			runOnlyForDeploymentPostprocessing = 0;
		};
/* End PBXResourcesBuildPhase section */

/* Begin PBXShellScriptBuildPhase section */
		1A8EDFDB0894EFEC67D428D9 /* [CP] Check Pods Manifest.lock */ = {
			isa = PBXShellScriptBuildPhase;
			buildActionMask = 2147483647;
			files = (
			);
			inputFileListPaths = (
			);
			inputPaths = (
				"${PODS_PODFILE_DIR_PATH}/Podfile.lock",
				"${PODS_ROOT}/Manifest.lock",
			);
			name = "[CP] Check Pods Manifest.lock";
			outputFileListPaths = (
			);
			outputPaths = (
				"$(DERIVED_FILE_DIR)/Pods-DemoSignatureTests-checkManifestLockResult.txt",
			);
			runOnlyForDeploymentPostprocessing = 0;
			shellPath = /bin/sh;
			shellScript = "diff \"${PODS_PODFILE_DIR_PATH}/Podfile.lock\" \"${PODS_ROOT}/Manifest.lock\" > /dev/null\nif [ $? != 0 ] ; then\n    # print error to STDERR\n    echo \"error: The sandbox is not in sync with the Podfile.lock. Run 'pod install' or update your CocoaPods installation.\" >&2\n    exit 1\nfi\n# This output is used by Xcode 'outputs' to avoid re-running this script phase.\necho \"SUCCESS\" > \"${SCRIPT_OUTPUT_FILE_0}\"\n";
			showEnvVarsInLog = 0;
		};
		B0895C1ECF7F33B06A43A04B /* [CP] Check Pods Manifest.lock */ = {
			isa = PBXShellScriptBuildPhase;
			buildActionMask = 2147483647;
			files = (
			);
			inputFileListPaths = (
			);
			inputPaths = (
				"${PODS_PODFILE_DIR_PATH}/Podfile.lock",
				"${PODS_ROOT}/Manifest.lock",
			);
			name = "[CP] Check Pods Manifest.lock";
			outputFileListPaths = (
			);
			outputPaths = (
				"$(DERIVED_FILE_DIR)/Pods-DemoSignatureUITests-checkManifestLockResult.txt",
			);
			runOnlyForDeploymentPostprocessing = 0;
			shellPath = /bin/sh;
			shellScript = "diff \"${PODS_PODFILE_DIR_PATH}/Podfile.lock\" \"${PODS_ROOT}/Manifest.lock\" > /dev/null\nif [ $? != 0 ] ; then\n    # print error to STDERR\n    echo \"error: The sandbox is not in sync with the Podfile.lock. Run 'pod install' or update your CocoaPods installation.\" >&2\n    exit 1\nfi\n# This output is used by Xcode 'outputs' to avoid re-running this script phase.\necho \"SUCCESS\" > \"${SCRIPT_OUTPUT_FILE_0}\"\n";
			showEnvVarsInLog = 0;
		};
/* End PBXShellScriptBuildPhase section */

/* Begin PBXSourcesBuildPhase section */
		FE6C4DFD22D3272300C8F2B1 /* Sources */ = {
			isa = PBXSourcesBuildPhase;
			buildActionMask = 2147483647;
			files = (
				FEA66DB02356B1BE00C83619 /* AlbumListCellViewModel.swift in Sources */,
				FE7082F222E82E510018190B /* CustomFileManager.swift in Sources */,
				FE6C4E3722D43F3300C8F2B1 /* SnapshotViewController.swift in Sources */,
				FE6C4E8122DF218E00C8F2B1 /* DownloadProtocol.swift in Sources */,
				FE6C4E4D22DC570A00C8F2B1 /* RequestCommunicator.swift in Sources */,
				FE6C4E4322D6E23B00C8F2B1 /* CustomSwitchCell.swift in Sources */,
				FEF6346F236140CF005734E2 /* CustomLayout_v1.swift in Sources */,
				FE6C4E4122D5DA0900C8F2B1 /* PageViewController.swift in Sources */,
				FE6C4E3D22D4909100C8F2B1 /* SignatureViewController.swift in Sources */,
				FE15F8802356AF7300C9BB7E /* AlbumListCell.swift in Sources */,
				FE6C4E5622DDBCEA00C8F2B1 /* DemoRequestType.swift in Sources */,
				FE6C4E0722D3272300C8F2B1 /* ViewController.swift in Sources */,
				FE7082FB22EE87670018190B /* SQLiteColumnInserter.swift in Sources */,
				FE6C4E5122DC7C3700C8F2B1 /* RequestTasks.swift in Sources */,
				FE7082F022E7EF0D0018190B /* ResponseViewController.swift in Sources */,
				FE6C4E5822DECC5100C8F2B1 /* CommunicatorResponse.swift in Sources */,
				FEF634782362EC35005734E2 /* InviteCell.swift in Sources */,
				FE6C4E5A22DECCA100C8F2B1 /* CommunicatorEnums.swift in Sources */,
				FE6C4E8E22E075C000C8F2B1 /* DetailCell.swift in Sources */,
				FE6C4E4F22DC7B2E00C8F2B1 /* RequestBaseType.swift in Sources */,
				FE6C4E3B22D48C2500C8F2B1 /* CameraController.swift in Sources */,
				FE6C4E4822DC2B4900C8F2B1 /* TestCallApiViewController.swift in Sources */,
				FE15F87123557A0700C9BB7E /* PracticeMVVMViewController.swift in Sources */,
				FE6C4E9122E162E400C8F2B1 /* Streams.swift in Sources */,
				FEF634742362CC0F005734E2 /* HomeworkViewController.swift in Sources */,
				FE6C4E8522DFFE1800C8F2B1 /* MusicHandler.swift in Sources */,
				FE6C4E4B22DC2D3E00C8F2B1 /* ListTableViewCell.swift in Sources */,
				FE6C4E8B22E01B5D00C8F2B1 /* StoryboardSupports.swift in Sources */,
				FEF6347C2362EC46005734E2 /* TransferCell.swift in Sources */,
				FE6C4E3922D444D600C8F2B1 /* Extension+UIViewController.swift in Sources */,
				FEA66DB22356EFA300C83619 /* BindableCore.swift in Sources */,
				FE6C4E3322D327ED00C8F2B1 /* SignatureView.swift in Sources */,
				FE6C4E3F22D5C62F00C8F2B1 /* DynamicViewController.swift in Sources */,
				FE15F8792355B43000C9BB7E /* DynamicViewModel.swift in Sources */,
				FE6C4E0522D3272300C8F2B1 /* AppDelegate.swift in Sources */,
				FEF63471236152AE005734E2 /* CustomLayout_v2.swift in Sources */,
				FEA66DAE2356B1A900C83619 /* AlbumListViewModel.swift in Sources */,
				FE6C4E3522D432BC00C8F2B1 /* Extension+UIImage.swift in Sources */,
				FE7082F422E853F70018190B /* ConvertableProtocol.swift in Sources */,
				FEF6346D23604EE7005734E2 /* BaseCollectionViewFlowLayout.swift in Sources */,
				FE7082F922EAE6190018190B /* SQLiteColumnCreater.swift in Sources */,
				FE6C4E5322DDA46D00C8F2B1 /* HTTPStatusCodes.swift in Sources */,
				FE6C4E8322DF227000C8F2B1 /* Download.swift in Sources */,
				FE6C4E8822E001FA00C8F2B1 /* DownloadMusic.swift in Sources */,
				FE15F87B2355B47000C9BB7E /* DetailCellViewModel.swift in Sources */,
				FE6C4E4522D8804D00C8F2B1 /* MoveTogether.swift in Sources */,
				FE7082F722E9A8090018190B /* SQLiteHelper.swift in Sources */,
			);
			runOnlyForDeploymentPostprocessing = 0;
		};
		FE6C4E1122D3272600C8F2B1 /* Sources */ = {
			isa = PBXSourcesBuildPhase;
			buildActionMask = 2147483647;
			files = (
				FE6C4E1A22D3272600C8F2B1 /* DemoSignatureTests.swift in Sources */,
			);
			runOnlyForDeploymentPostprocessing = 0;
		};
		FE6C4E1C22D3272600C8F2B1 /* Sources */ = {
			isa = PBXSourcesBuildPhase;
			buildActionMask = 2147483647;
			files = (
				FE6C4E2522D3272600C8F2B1 /* DemoSignatureUITests.swift in Sources */,
			);
			runOnlyForDeploymentPostprocessing = 0;
		};
/* End PBXSourcesBuildPhase section */

/* Begin PBXTargetDependency section */
		FE6C4E1722D3272600C8F2B1 /* PBXTargetDependency */ = {
			isa = PBXTargetDependency;
			target = FE6C4E0022D3272300C8F2B1 /* DemoSignature */;
			targetProxy = FE6C4E1622D3272600C8F2B1 /* PBXContainerItemProxy */;
		};
		FE6C4E2222D3272600C8F2B1 /* PBXTargetDependency */ = {
			isa = PBXTargetDependency;
			target = FE6C4E0022D3272300C8F2B1 /* DemoSignature */;
			targetProxy = FE6C4E2122D3272600C8F2B1 /* PBXContainerItemProxy */;
		};
/* End PBXTargetDependency section */

/* Begin PBXVariantGroup section */
		FE6C4E0822D3272300C8F2B1 /* Main.storyboard */ = {
			isa = PBXVariantGroup;
			children = (
				FE6C4E0922D3272300C8F2B1 /* Base */,
			);
			name = Main.storyboard;
			sourceTree = "<group>";
		};
		FE6C4E0D22D3272500C8F2B1 /* LaunchScreen.storyboard */ = {
			isa = PBXVariantGroup;
			children = (
				FE6C4E0E22D3272500C8F2B1 /* Base */,
			);
			name = LaunchScreen.storyboard;
			sourceTree = "<group>";
		};
/* End PBXVariantGroup section */

/* Begin XCBuildConfiguration section */
		FE6C4E2722D3272600C8F2B1 /* Debug */ = {
			isa = XCBuildConfiguration;
			buildSettings = {
				ALWAYS_SEARCH_USER_PATHS = NO;
				CLANG_ANALYZER_NONNULL = YES;
				CLANG_ANALYZER_NUMBER_OBJECT_CONVERSION = YES_AGGRESSIVE;
				CLANG_CXX_LANGUAGE_STANDARD = "gnu++14";
				CLANG_CXX_LIBRARY = "libc++";
				CLANG_ENABLE_MODULES = YES;
				CLANG_ENABLE_OBJC_ARC = YES;
				CLANG_ENABLE_OBJC_WEAK = YES;
				CLANG_WARN_BLOCK_CAPTURE_AUTORELEASING = YES;
				CLANG_WARN_BOOL_CONVERSION = YES;
				CLANG_WARN_COMMA = YES;
				CLANG_WARN_CONSTANT_CONVERSION = YES;
				CLANG_WARN_DEPRECATED_OBJC_IMPLEMENTATIONS = YES;
				CLANG_WARN_DIRECT_OBJC_ISA_USAGE = YES_ERROR;
				CLANG_WARN_DOCUMENTATION_COMMENTS = YES;
				CLANG_WARN_EMPTY_BODY = YES;
				CLANG_WARN_ENUM_CONVERSION = YES;
				CLANG_WARN_INFINITE_RECURSION = YES;
				CLANG_WARN_INT_CONVERSION = YES;
				CLANG_WARN_NON_LITERAL_NULL_CONVERSION = YES;
				CLANG_WARN_OBJC_IMPLICIT_RETAIN_SELF = YES;
				CLANG_WARN_OBJC_LITERAL_CONVERSION = YES;
				CLANG_WARN_OBJC_ROOT_CLASS = YES_ERROR;
				CLANG_WARN_RANGE_LOOP_ANALYSIS = YES;
				CLANG_WARN_STRICT_PROTOTYPES = YES;
				CLANG_WARN_SUSPICIOUS_MOVE = YES;
				CLANG_WARN_UNGUARDED_AVAILABILITY = YES_AGGRESSIVE;
				CLANG_WARN_UNREACHABLE_CODE = YES;
				CLANG_WARN__DUPLICATE_METHOD_MATCH = YES;
				CODE_SIGN_IDENTITY = "iPhone Developer";
				COPY_PHASE_STRIP = NO;
				DEBUG_INFORMATION_FORMAT = dwarf;
				ENABLE_STRICT_OBJC_MSGSEND = YES;
				ENABLE_TESTABILITY = YES;
				GCC_C_LANGUAGE_STANDARD = gnu11;
				GCC_DYNAMIC_NO_PIC = NO;
				GCC_NO_COMMON_BLOCKS = YES;
				GCC_OPTIMIZATION_LEVEL = 0;
				GCC_PREPROCESSOR_DEFINITIONS = (
					"DEBUG=1",
					"$(inherited)",
				);
				GCC_WARN_64_TO_32_BIT_CONVERSION = YES;
				GCC_WARN_ABOUT_RETURN_TYPE = YES_ERROR;
				GCC_WARN_UNDECLARED_SELECTOR = YES;
				GCC_WARN_UNINITIALIZED_AUTOS = YES_AGGRESSIVE;
				GCC_WARN_UNUSED_FUNCTION = YES;
				GCC_WARN_UNUSED_VARIABLE = YES;
				IPHONEOS_DEPLOYMENT_TARGET = 12.2;
				MTL_ENABLE_DEBUG_INFO = INCLUDE_SOURCE;
				MTL_FAST_MATH = YES;
				ONLY_ACTIVE_ARCH = YES;
				SDKROOT = iphoneos;
				SWIFT_ACTIVE_COMPILATION_CONDITIONS = DEBUG;
				SWIFT_OPTIMIZATION_LEVEL = "-Onone";
			};
			name = Debug;
		};
		FE6C4E2822D3272600C8F2B1 /* Release */ = {
			isa = XCBuildConfiguration;
			buildSettings = {
				ALWAYS_SEARCH_USER_PATHS = NO;
				CLANG_ANALYZER_NONNULL = YES;
				CLANG_ANALYZER_NUMBER_OBJECT_CONVERSION = YES_AGGRESSIVE;
				CLANG_CXX_LANGUAGE_STANDARD = "gnu++14";
				CLANG_CXX_LIBRARY = "libc++";
				CLANG_ENABLE_MODULES = YES;
				CLANG_ENABLE_OBJC_ARC = YES;
				CLANG_ENABLE_OBJC_WEAK = YES;
				CLANG_WARN_BLOCK_CAPTURE_AUTORELEASING = YES;
				CLANG_WARN_BOOL_CONVERSION = YES;
				CLANG_WARN_COMMA = YES;
				CLANG_WARN_CONSTANT_CONVERSION = YES;
				CLANG_WARN_DEPRECATED_OBJC_IMPLEMENTATIONS = YES;
				CLANG_WARN_DIRECT_OBJC_ISA_USAGE = YES_ERROR;
				CLANG_WARN_DOCUMENTATION_COMMENTS = YES;
				CLANG_WARN_EMPTY_BODY = YES;
				CLANG_WARN_ENUM_CONVERSION = YES;
				CLANG_WARN_INFINITE_RECURSION = YES;
				CLANG_WARN_INT_CONVERSION = YES;
				CLANG_WARN_NON_LITERAL_NULL_CONVERSION = YES;
				CLANG_WARN_OBJC_IMPLICIT_RETAIN_SELF = YES;
				CLANG_WARN_OBJC_LITERAL_CONVERSION = YES;
				CLANG_WARN_OBJC_ROOT_CLASS = YES_ERROR;
				CLANG_WARN_RANGE_LOOP_ANALYSIS = YES;
				CLANG_WARN_STRICT_PROTOTYPES = YES;
				CLANG_WARN_SUSPICIOUS_MOVE = YES;
				CLANG_WARN_UNGUARDED_AVAILABILITY = YES_AGGRESSIVE;
				CLANG_WARN_UNREACHABLE_CODE = YES;
				CLANG_WARN__DUPLICATE_METHOD_MATCH = YES;
				CODE_SIGN_IDENTITY = "iPhone Developer";
				COPY_PHASE_STRIP = NO;
				DEBUG_INFORMATION_FORMAT = "dwarf-with-dsym";
				ENABLE_NS_ASSERTIONS = NO;
				ENABLE_STRICT_OBJC_MSGSEND = YES;
				GCC_C_LANGUAGE_STANDARD = gnu11;
				GCC_NO_COMMON_BLOCKS = YES;
				GCC_WARN_64_TO_32_BIT_CONVERSION = YES;
				GCC_WARN_ABOUT_RETURN_TYPE = YES_ERROR;
				GCC_WARN_UNDECLARED_SELECTOR = YES;
				GCC_WARN_UNINITIALIZED_AUTOS = YES_AGGRESSIVE;
				GCC_WARN_UNUSED_FUNCTION = YES;
				GCC_WARN_UNUSED_VARIABLE = YES;
				IPHONEOS_DEPLOYMENT_TARGET = 12.2;
				MTL_ENABLE_DEBUG_INFO = NO;
				MTL_FAST_MATH = YES;
				SDKROOT = iphoneos;
				SWIFT_COMPILATION_MODE = wholemodule;
				SWIFT_OPTIMIZATION_LEVEL = "-O";
				VALIDATE_PRODUCT = YES;
			};
			name = Release;
		};
		FE6C4E2A22D3272600C8F2B1 /* Debug */ = {
			isa = XCBuildConfiguration;
			buildSettings = {
				ASSETCATALOG_COMPILER_APPICON_NAME = AppIcon;
				CODE_SIGN_STYLE = Automatic;
				DEVELOPMENT_TEAM = PVK56R4YSC;
				INFOPLIST_FILE = "$(SRCROOT)/DemoSignature/Support files/Info.plist";
				IPHONEOS_DEPLOYMENT_TARGET = 12.1;
				LD_RUNPATH_SEARCH_PATHS = (
					"$(inherited)",
					"@executable_path/Frameworks",
				);
				PRODUCT_BUNDLE_IDENTIFIER = com.kinlive.DemoSignature;
				PRODUCT_NAME = "$(TARGET_NAME)";
				SWIFT_VERSION = 5.0;
				TARGETED_DEVICE_FAMILY = "1,2";
			};
			name = Debug;
		};
		FE6C4E2B22D3272600C8F2B1 /* Release */ = {
			isa = XCBuildConfiguration;
			buildSettings = {
				ASSETCATALOG_COMPILER_APPICON_NAME = AppIcon;
				CODE_SIGN_STYLE = Automatic;
				DEVELOPMENT_TEAM = PVK56R4YSC;
				INFOPLIST_FILE = "$(SRCROOT)/DemoSignature/Support files/Info.plist";
				IPHONEOS_DEPLOYMENT_TARGET = 12.1;
				LD_RUNPATH_SEARCH_PATHS = (
					"$(inherited)",
					"@executable_path/Frameworks",
				);
				PRODUCT_BUNDLE_IDENTIFIER = com.kinlive.DemoSignature;
				PRODUCT_NAME = "$(TARGET_NAME)";
				SWIFT_VERSION = 5.0;
				TARGETED_DEVICE_FAMILY = "1,2";
			};
			name = Release;
		};
		FE6C4E2D22D3272600C8F2B1 /* Debug */ = {
			isa = XCBuildConfiguration;
			buildSettings = {
				ALWAYS_EMBED_SWIFT_STANDARD_LIBRARIES = YES;
				BUNDLE_LOADER = "$(TEST_HOST)";
				CODE_SIGN_STYLE = Automatic;
				DEVELOPMENT_TEAM = PVK56R4YSC;
				INFOPLIST_FILE = DemoSignatureTests/Info.plist;
				LD_RUNPATH_SEARCH_PATHS = (
					"$(inherited)",
					"@executable_path/Frameworks",
					"@loader_path/Frameworks",
				);
				PRODUCT_BUNDLE_IDENTIFIER = com.kinlive.DemoSignatureTests;
				PRODUCT_NAME = "$(TARGET_NAME)";
				SWIFT_VERSION = 5.0;
				TARGETED_DEVICE_FAMILY = "1,2";
				TEST_HOST = "$(BUILT_PRODUCTS_DIR)/DemoSignature.app/DemoSignature";
			};
			name = Debug;
		};
		FE6C4E2E22D3272600C8F2B1 /* Release */ = {
			isa = XCBuildConfiguration;
			buildSettings = {
				ALWAYS_EMBED_SWIFT_STANDARD_LIBRARIES = YES;
				BUNDLE_LOADER = "$(TEST_HOST)";
				CODE_SIGN_STYLE = Automatic;
				DEVELOPMENT_TEAM = PVK56R4YSC;
				INFOPLIST_FILE = DemoSignatureTests/Info.plist;
				LD_RUNPATH_SEARCH_PATHS = (
					"$(inherited)",
					"@executable_path/Frameworks",
					"@loader_path/Frameworks",
				);
				PRODUCT_BUNDLE_IDENTIFIER = com.kinlive.DemoSignatureTests;
				PRODUCT_NAME = "$(TARGET_NAME)";
				SWIFT_VERSION = 5.0;
				TARGETED_DEVICE_FAMILY = "1,2";
				TEST_HOST = "$(BUILT_PRODUCTS_DIR)/DemoSignature.app/DemoSignature";
			};
			name = Release;
		};
		FE6C4E3022D3272600C8F2B1 /* Debug */ = {
			isa = XCBuildConfiguration;
			buildSettings = {
				ALWAYS_EMBED_SWIFT_STANDARD_LIBRARIES = YES;
				CODE_SIGN_STYLE = Automatic;
				DEVELOPMENT_TEAM = PVK56R4YSC;
				INFOPLIST_FILE = DemoSignatureUITests/Info.plist;
				LD_RUNPATH_SEARCH_PATHS = (
					"$(inherited)",
					"@executable_path/Frameworks",
					"@loader_path/Frameworks",
				);
				PRODUCT_BUNDLE_IDENTIFIER = com.kinlive.DemoSignatureUITests;
				PRODUCT_NAME = "$(TARGET_NAME)";
				SWIFT_VERSION = 5.0;
				TARGETED_DEVICE_FAMILY = "1,2";
				TEST_TARGET_NAME = DemoSignature;
			};
			name = Debug;
		};
		FE6C4E3122D3272600C8F2B1 /* Release */ = {
			isa = XCBuildConfiguration;
			buildSettings = {
				ALWAYS_EMBED_SWIFT_STANDARD_LIBRARIES = YES;
				CODE_SIGN_STYLE = Automatic;
				DEVELOPMENT_TEAM = PVK56R4YSC;
				INFOPLIST_FILE = DemoSignatureUITests/Info.plist;
				LD_RUNPATH_SEARCH_PATHS = (
					"$(inherited)",
					"@executable_path/Frameworks",
					"@loader_path/Frameworks",
				);
				PRODUCT_BUNDLE_IDENTIFIER = com.kinlive.DemoSignatureUITests;
				PRODUCT_NAME = "$(TARGET_NAME)";
				SWIFT_VERSION = 5.0;
				TARGETED_DEVICE_FAMILY = "1,2";
				TEST_TARGET_NAME = DemoSignature;
			};
			name = Release;
		};
/* End XCBuildConfiguration section */

/* Begin XCConfigurationList section */
		FE6C4DFC22D3272300C8F2B1 /* Build configuration list for PBXProject "DemoSignature" */ = {
			isa = XCConfigurationList;
			buildConfigurations = (
				FE6C4E2722D3272600C8F2B1 /* Debug */,
				FE6C4E2822D3272600C8F2B1 /* Release */,
			);
			defaultConfigurationIsVisible = 0;
			defaultConfigurationName = Release;
		};
		FE6C4E2922D3272600C8F2B1 /* Build configuration list for PBXNativeTarget "DemoSignature" */ = {
			isa = XCConfigurationList;
			buildConfigurations = (
				FE6C4E2A22D3272600C8F2B1 /* Debug */,
				FE6C4E2B22D3272600C8F2B1 /* Release */,
			);
			defaultConfigurationIsVisible = 0;
			defaultConfigurationName = Release;
		};
		FE6C4E2C22D3272600C8F2B1 /* Build configuration list for PBXNativeTarget "DemoSignatureTests" */ = {
			isa = XCConfigurationList;
			buildConfigurations = (
				FE6C4E2D22D3272600C8F2B1 /* Debug */,
				FE6C4E2E22D3272600C8F2B1 /* Release */,
			);
			defaultConfigurationIsVisible = 0;
			defaultConfigurationName = Release;
		};
		FE6C4E2F22D3272600C8F2B1 /* Build configuration list for PBXNativeTarget "DemoSignatureUITests" */ = {
			isa = XCConfigurationList;
			buildConfigurations = (
				FE6C4E3022D3272600C8F2B1 /* Debug */,
				FE6C4E3122D3272600C8F2B1 /* Release */,
			);
			defaultConfigurationIsVisible = 0;
			defaultConfigurationName = Release;
		};
/* End XCConfigurationList section */
	};
	rootObject = FE6C4DF922D3272300C8F2B1 /* Project object */;
}
